# THIS IS AN AUTOGENERATED FILE. DO NOT EDIT THIS FILE DIRECTLY.
# yarn lockfile v1


async@^3.1.1:
  version "3.1.1"
  resolved "https://registry.yarnpkg.com/async/-/async-3.1.1.tgz#dd3542db03de837979c9ebbca64ca01b06dc98df"
  integrity sha512-X5Dj8hK1pJNC2Wzo2Rcp9FBVdJMGRR/S7V+lH46s8GVFhtbo5O4Le5GECCF/8PISVdkUA6mMPvgz7qTTD1rf1g==
